
Microsoft Visual Studio Solution File, Format Version 12.00
# Visual Studio Version 17
VisualStudioVersion = 17.3.32929.385
MinimumVisualStudioVersion = 10.0.40219.1
Project("{9A19103F-16F7-4668-BE54-9A1E7A4F7556}") = "Classes", "Classes.csproj", "{AF49E8E7-ACC7-4F6B-8913-2F4A9E9E5101}"
EndProject
Global
	GlobalSection(SolutionConfigurationPlatforms) = preSolution
		Debug|Any CPU = Debug|Any CPU
		Release|Any CPU = Release|Any CPU
	EndGlobalSection
	GlobalSection(ProjectConfigurationPlatforms) = postSolution
		{AF49E8E7-ACC7-4F6B-8913-2F4A9E9E5101}.Debug|Any CPU.ActiveCfg = Debug|Any CPU
		{AF49E8E7-ACC7-4F6B-8913-2F4A9E9E5101}.Debug|Any CPU.Build.0 = Debug|Any CPU
		{AF49E8E7-ACC7-4F6B-8913-2F4A9E9E5101}.Release|Any CPU.ActiveCfg = Release|Any CPU
		{AF49E8E7-ACC7-4F6B-8913-2F4A9E9E5101}.Release|Any CPU.Build.0 = Release|Any CPU
	EndGlobalSection
	GlobalSection(SolutionProperties) = preSolution
		HideSolutionNode = FALSE
	EndGlobalSection
	GlobalSection(ExtensibilityGlobals) = postSolution
		SolutionGuid = {B654507F-8E21-4132-9936-440C22CA2AEF}
	EndGlobalSection
EndGlobal
